
Microsoft Visual Studio Solution File, Format Version 12.00
# Visual Studio Version 16
VisualStudioVersion = 16.0.29215.179
MinimumVisualStudioVersion = 10.0.40219.1
Project("{FAE04EC0-301F-11D3-BF4B-00C04F79EFBC}") = "AlgorithmEuclidean", "AlgorithmEuclidean\AlgorithmEuclidean.csproj", "{139208C2-3605-44DD-A125-E36FA8A12FC1}"
EndProject
Global
	GlobalSection(SolutionConfigurationPlatforms) = preSolution
		Debug|Any CPU = Debug|Any CPU
		Release|Any CPU = Release|Any CPU
	EndGlobalSection
	GlobalSection(ProjectConfigurationPlatforms) = postSolution
		{139208C2-3605-44DD-A125-E36FA8A12FC1}.Debug|Any CPU.ActiveCfg = Debug|Any CPU
		{139208C2-3605-44DD-A125-E36FA8A12FC1}.Debug|Any CPU.Build.0 = Debug|Any CPU
		{139208C2-3605-44DD-A125-E36FA8A12FC1}.Release|Any CPU.ActiveCfg = Release|Any CPU
		{139208C2-3605-44DD-A125-E36FA8A12FC1}.Release|Any CPU.Build.0 = Release|Any CPU
	EndGlobalSection
	GlobalSection(SolutionProperties) = preSolution
		HideSolutionNode = FALSE
	EndGlobalSection
	GlobalSection(ExtensibilityGlobals) = postSolution
		SolutionGuid = {18D95DD9-C473-48AC-8FB8-D5F7A014CA67}
	EndGlobalSection
EndGlobal
