
Microsoft Visual Studio Solution File, Format Version 12.00
# Visual Studio Version 16
VisualStudioVersion = 16.0.29215.179
MinimumVisualStudioVersion = 10.0.40219.1
Project("{FAE04EC0-301F-11D3-BF4B-00C04F79EFBC}") = "Homework No. 2", "Homework No. 2\Homework No. 2.csproj", "{70DDBFB5-C289-4ABD-9E22-FAC0951507D2}"
EndProject
Global
	GlobalSection(SolutionConfigurationPlatforms) = preSolution
		Debug|Any CPU = Debug|Any CPU
		Release|Any CPU = Release|Any CPU
	EndGlobalSection
	GlobalSection(ProjectConfigurationPlatforms) = postSolution
		{70DDBFB5-C289-4ABD-9E22-FAC0951507D2}.Debug|Any CPU.ActiveCfg = Debug|Any CPU
		{70DDBFB5-C289-4ABD-9E22-FAC0951507D2}.Debug|Any CPU.Build.0 = Debug|Any CPU
		{70DDBFB5-C289-4ABD-9E22-FAC0951507D2}.Release|Any CPU.ActiveCfg = Release|Any CPU
		{70DDBFB5-C289-4ABD-9E22-FAC0951507D2}.Release|Any CPU.Build.0 = Release|Any CPU
	EndGlobalSection
	GlobalSection(SolutionProperties) = preSolution
		HideSolutionNode = FALSE
	EndGlobalSection
	GlobalSection(ExtensibilityGlobals) = postSolution
		SolutionGuid = {7E4A64F3-01AF-408E-BE4D-8E731D4FFBF7}
	EndGlobalSection
EndGlobal
